
Microsoft Visual Studio Solution File, Format Version 12.00
Project("{FAE04EC0-301F-11D3-BF4B-00C04F79EFBC}") = "OffersPlatform.Domain", "OffersPlatform.Domain\OffersPlatform.Domain.csproj", "{478D6A80-9885-48EC-8ABC-8D8CE74CDB2E}"
EndProject
Project("{FAE04EC0-301F-11D3-BF4B-00C04F79EFBC}") = "OffersPlatform.Application", "OffersPlatform.Application\OffersPlatform.Application.csproj", "{4A429E14-78BE-41E1-8707-99E950517B22}"
EndProject
Project("{FAE04EC0-301F-11D3-BF4B-00C04F79EFBC}") = "OffersPlatform.Infrastructure", "OffersPlatform.Infrastructure\OffersPlatform.Infrastructure.csproj", "{AB939408-5E70-45B8-900A-845B4521A6A0}"
EndProject
Project("{FAE04EC0-301F-11D3-BF4B-00C04F79EFBC}") = "OffersPlatform.API", "OffersPlatform.API\OffersPlatform.API.csproj", "{0B504226-A3B1-470C-A3C3-BB4C711DE9F1}"
EndProject
Project("{FAE04EC0-301F-11D3-BF4B-00C04F79EFBC}") = "OffersPlatform.Web", "OffersPlatform.Web\OffersPlatform.Web.csproj", "{F141D09D-946A-4EEC-9BA4-3D0A02EBCA12}"
EndProject
Project("{FAE04EC0-301F-11D3-BF4B-00C04F79EFBC}") = "OffersPlatform.Worker", "OffersPlatform.Worker\OffersPlatform.Worker.csproj", "{613D19C6-DEC1-4F15-9ED8-F5D6F59913FD}"
EndProject
Project("{2150E333-8FDC-42A3-9474-1A3956D46DE8}") = "src", "src", "{A011DA76-A240-4112-A943-C68F027CEDA0}"
EndProject
Project("{2150E333-8FDC-42A3-9474-1A3956D46DE8}") = "core", "core", "{9B5C226A-2641-493B-8C97-D126A0F53B09}"
EndProject
Project("{2150E333-8FDC-42A3-9474-1A3956D46DE8}") = "presentation", "presentation", "{985090C5-6D75-4715-85D3-42329914534F}"
EndProject
Project("{2150E333-8FDC-42A3-9474-1A3956D46DE8}") = "infrastructure", "infrastructure", "{C6DEB299-C0E1-4BF5-8010-055838663668}"
EndProject
Project("{FAE04EC0-301F-11D3-BF4B-00C04F79EFBC}") = "OffersPlatform.Persistence", "OffersPlatform.Persistence\OffersPlatform.Persistence.csproj", "{E7BD06A2-6003-4C1B-A83F-665EDCB2F81F}"
EndProject
Project("{FAE04EC0-301F-11D3-BF4B-00C04F79EFBC}") = "OffersPlatform.Test", "OffersPlatform.Test\OffersPlatform.Test.csproj", "{E9537105-0900-4A0C-B331-4D4572217D2A}"
EndProject
Global
	GlobalSection(SolutionConfigurationPlatforms) = preSolution
		Debug|Any CPU = Debug|Any CPU
		Release|Any CPU = Release|Any CPU
	EndGlobalSection
	GlobalSection(ProjectConfigurationPlatforms) = postSolution
		{478D6A80-9885-48EC-8ABC-8D8CE74CDB2E}.Debug|Any CPU.ActiveCfg = Debug|Any CPU
		{478D6A80-9885-48EC-8ABC-8D8CE74CDB2E}.Debug|Any CPU.Build.0 = Debug|Any CPU
		{478D6A80-9885-48EC-8ABC-8D8CE74CDB2E}.Release|Any CPU.ActiveCfg = Release|Any CPU
		{478D6A80-9885-48EC-8ABC-8D8CE74CDB2E}.Release|Any CPU.Build.0 = Release|Any CPU
		{4A429E14-78BE-41E1-8707-99E950517B22}.Debug|Any CPU.ActiveCfg = Debug|Any CPU
		{4A429E14-78BE-41E1-8707-99E950517B22}.Debug|Any CPU.Build.0 = Debug|Any CPU
		{4A429E14-78BE-41E1-8707-99E950517B22}.Release|Any CPU.ActiveCfg = Release|Any CPU
		{4A429E14-78BE-41E1-8707-99E950517B22}.Release|Any CPU.Build.0 = Release|Any CPU
		{AB939408-5E70-45B8-900A-845B4521A6A0}.Debug|Any CPU.ActiveCfg = Debug|Any CPU
		{AB939408-5E70-45B8-900A-845B4521A6A0}.Debug|Any CPU.Build.0 = Debug|Any CPU
		{AB939408-5E70-45B8-900A-845B4521A6A0}.Release|Any CPU.ActiveCfg = Release|Any CPU
		{AB939408-5E70-45B8-900A-845B4521A6A0}.Release|Any CPU.Build.0 = Release|Any CPU
		{0B504226-A3B1-470C-A3C3-BB4C711DE9F1}.Debug|Any CPU.ActiveCfg = Debug|Any CPU
		{0B504226-A3B1-470C-A3C3-BB4C711DE9F1}.Debug|Any CPU.Build.0 = Debug|Any CPU
		{0B504226-A3B1-470C-A3C3-BB4C711DE9F1}.Release|Any CPU.ActiveCfg = Release|Any CPU
		{0B504226-A3B1-470C-A3C3-BB4C711DE9F1}.Release|Any CPU.Build.0 = Release|Any CPU
		{F141D09D-946A-4EEC-9BA4-3D0A02EBCA12}.Debug|Any CPU.ActiveCfg = Debug|Any CPU
		{F141D09D-946A-4EEC-9BA4-3D0A02EBCA12}.Debug|Any CPU.Build.0 = Debug|Any CPU
		{F141D09D-946A-4EEC-9BA4-3D0A02EBCA12}.Release|Any CPU.ActiveCfg = Release|Any CPU
		{F141D09D-946A-4EEC-9BA4-3D0A02EBCA12}.Release|Any CPU.Build.0 = Release|Any CPU
		{613D19C6-DEC1-4F15-9ED8-F5D6F59913FD}.Debug|Any CPU.ActiveCfg = Debug|Any CPU
		{613D19C6-DEC1-4F15-9ED8-F5D6F59913FD}.Debug|Any CPU.Build.0 = Debug|Any CPU
		{613D19C6-DEC1-4F15-9ED8-F5D6F59913FD}.Release|Any CPU.ActiveCfg = Release|Any CPU
		{613D19C6-DEC1-4F15-9ED8-F5D6F59913FD}.Release|Any CPU.Build.0 = Release|Any CPU
		{E7BD06A2-6003-4C1B-A83F-665EDCB2F81F}.Debug|Any CPU.ActiveCfg = Debug|Any CPU
		{E7BD06A2-6003-4C1B-A83F-665EDCB2F81F}.Debug|Any CPU.Build.0 = Debug|Any CPU
		{E7BD06A2-6003-4C1B-A83F-665EDCB2F81F}.Release|Any CPU.ActiveCfg = Release|Any CPU
		{E7BD06A2-6003-4C1B-A83F-665EDCB2F81F}.Release|Any CPU.Build.0 = Release|Any CPU
		{E9537105-0900-4A0C-B331-4D4572217D2A}.Debug|Any CPU.ActiveCfg = Debug|Any CPU
		{E9537105-0900-4A0C-B331-4D4572217D2A}.Debug|Any CPU.Build.0 = Debug|Any CPU
		{E9537105-0900-4A0C-B331-4D4572217D2A}.Release|Any CPU.ActiveCfg = Release|Any CPU
		{E9537105-0900-4A0C-B331-4D4572217D2A}.Release|Any CPU.Build.0 = Release|Any CPU
	EndGlobalSection
	GlobalSection(NestedProjects) = preSolution
		{613D19C6-DEC1-4F15-9ED8-F5D6F59913FD} = {A011DA76-A240-4112-A943-C68F027CEDA0}
		{9B5C226A-2641-493B-8C97-D126A0F53B09} = {A011DA76-A240-4112-A943-C68F027CEDA0}
		{4A429E14-78BE-41E1-8707-99E950517B22} = {9B5C226A-2641-493B-8C97-D126A0F53B09}
		{478D6A80-9885-48EC-8ABC-8D8CE74CDB2E} = {9B5C226A-2641-493B-8C97-D126A0F53B09}
		{985090C5-6D75-4715-85D3-42329914534F} = {A011DA76-A240-4112-A943-C68F027CEDA0}
		{F141D09D-946A-4EEC-9BA4-3D0A02EBCA12} = {985090C5-6D75-4715-85D3-42329914534F}
		{0B504226-A3B1-470C-A3C3-BB4C711DE9F1} = {985090C5-6D75-4715-85D3-42329914534F}
		{C6DEB299-C0E1-4BF5-8010-055838663668} = {A011DA76-A240-4112-A943-C68F027CEDA0}
		{AB939408-5E70-45B8-900A-845B4521A6A0} = {C6DEB299-C0E1-4BF5-8010-055838663668}
		{E7BD06A2-6003-4C1B-A83F-665EDCB2F81F} = {C6DEB299-C0E1-4BF5-8010-055838663668}
		{E9537105-0900-4A0C-B331-4D4572217D2A} = {A011DA76-A240-4112-A943-C68F027CEDA0}
	EndGlobalSection
EndGlobal
